
Microsoft Visual Studio Solution File, Format Version 12.00
# Visual Studio Version 17
VisualStudioVersion = 17.3.32901.215
MinimumVisualStudioVersion = 10.0.40219.1
Project("{FAE04EC0-301F-11D3-BF4B-00C04F79EFBC}") = "BudgetTrack", "BudgetTrack\BudgetTrack.csproj", "{05BEFE2E-8D5E-40AE-923E-FED60E55FA1C}"
EndProject
Global
	GlobalSection(SolutionConfigurationPlatforms) = preSolution
		Debug|Any CPU = Debug|Any CPU
		Release|Any CPU = Release|Any CPU
	EndGlobalSection
	GlobalSection(ProjectConfigurationPlatforms) = postSolution
		{05BEFE2E-8D5E-40AE-923E-FED60E55FA1C}.Debug|Any CPU.ActiveCfg = Debug|Any CPU
		{05BEFE2E-8D5E-40AE-923E-FED60E55FA1C}.Debug|Any CPU.Build.0 = Debug|Any CPU
		{05BEFE2E-8D5E-40AE-923E-FED60E55FA1C}.Release|Any CPU.ActiveCfg = Release|Any CPU
		{05BEFE2E-8D5E-40AE-923E-FED60E55FA1C}.Release|Any CPU.Build.0 = Release|Any CPU
	EndGlobalSection
	GlobalSection(SolutionProperties) = preSolution
		HideSolutionNode = FALSE
	EndGlobalSection
	GlobalSection(ExtensibilityGlobals) = postSolution
		SolutionGuid = {1047147A-F38B-444A-9D44-7FE8A250D1D1}
	EndGlobalSection
EndGlobal
